
Microsoft Visual Studio Solution File, Format Version 12.00
# Visual Studio Version 17
VisualStudioVersion = 17.4.33110.190
MinimumVisualStudioVersion = 10.0.40219.1
Project("{FAE04EC0-301F-11D3-BF4B-00C04F79EFBC}") = "SENASA", "SENASA\SENASA.csproj", "{97A8481E-2368-48BB-9DB8-34C9EB98C47D}"
EndProject
Global
	GlobalSection(SolutionConfigurationPlatforms) = preSolution
		Debug|Any CPU = Debug|Any CPU
		Release|Any CPU = Release|Any CPU
	EndGlobalSection
	GlobalSection(ProjectConfigurationPlatforms) = postSolution
		{97A8481E-2368-48BB-9DB8-34C9EB98C47D}.Debug|Any CPU.ActiveCfg = Debug|Any CPU
		{97A8481E-2368-48BB-9DB8-34C9EB98C47D}.Debug|Any CPU.Build.0 = Debug|Any CPU
		{97A8481E-2368-48BB-9DB8-34C9EB98C47D}.Release|Any CPU.ActiveCfg = Release|Any CPU
		{97A8481E-2368-48BB-9DB8-34C9EB98C47D}.Release|Any CPU.Build.0 = Release|Any CPU
	EndGlobalSection
	GlobalSection(SolutionProperties) = preSolution
		HideSolutionNode = FALSE
	EndGlobalSection
	GlobalSection(ExtensibilityGlobals) = postSolution
		SolutionGuid = {274B0E96-37DC-479B-89BE-1E6ABF62E0AE}
	EndGlobalSection
EndGlobal
